
Microsoft Visual Studio Solution File, Format Version 12.00
# Visual Studio Version 17
VisualStudioVersion = 17.5.002.0
MinimumVisualStudioVersion = 10.0.40219.1
Project("{9A19103F-16F7-4668-BE54-9A1E7A4F7556}") = "LibraryManagement", "LibraryManagement.csproj", "{078E4922-3597-4984-A718-8D97D8507EDD}"
EndProject
Global
	GlobalSection(SolutionConfigurationPlatforms) = preSolution
		Debug|Any CPU = Debug|Any CPU
		Release|Any CPU = Release|Any CPU
	EndGlobalSection
	GlobalSection(ProjectConfigurationPlatforms) = postSolution
		{078E4922-3597-4984-A718-8D97D8507EDD}.Debug|Any CPU.ActiveCfg = Debug|Any CPU
		{078E4922-3597-4984-A718-8D97D8507EDD}.Debug|Any CPU.Build.0 = Debug|Any CPU
		{078E4922-3597-4984-A718-8D97D8507EDD}.Release|Any CPU.ActiveCfg = Release|Any CPU
		{078E4922-3597-4984-A718-8D97D8507EDD}.Release|Any CPU.Build.0 = Release|Any CPU
	EndGlobalSection
	GlobalSection(SolutionProperties) = preSolution
		HideSolutionNode = FALSE
	EndGlobalSection
	GlobalSection(ExtensibilityGlobals) = postSolution
		SolutionGuid = {1CCFF8EE-5C63-43B9-B2EB-CC3AFD3EE7BF}
	EndGlobalSection
EndGlobal
